
Microsoft Visual Studio Solution File, Format Version 12.00
# Visual Studio Version 17
VisualStudioVersion = 17.14.36915.13 d17.14
MinimumVisualStudioVersion = 10.0.40219.1
Project("{FAE04EC0-301F-11D3-BF4B-00C04F79EFBC}") = "Prog6221_Part 2_ST10457075_Thoriso_Seswai", "..\..\st10457075-Thoriso-Seswai\Prog6221_Part 2_ST10457075_Thoriso_Seswai\Prog6221_Part 2_ST10457075_Thoriso_Seswai.csproj", "{BABE6DDF-C77D-B259-F42C-EEDE630CC47D}"
EndProject
Global
	GlobalSection(SolutionConfigurationPlatforms) = preSolution
		Debug|Any CPU = Debug|Any CPU
		Release|Any CPU = Release|Any CPU
	EndGlobalSection
	GlobalSection(ProjectConfigurationPlatforms) = postSolution
		{BABE6DDF-C77D-B259-F42C-EEDE630CC47D}.Debug|Any CPU.ActiveCfg = Debug|Any CPU
		{BABE6DDF-C77D-B259-F42C-EEDE630CC47D}.Debug|Any CPU.Build.0 = Debug|Any CPU
		{BABE6DDF-C77D-B259-F42C-EEDE630CC47D}.Release|Any CPU.ActiveCfg = Release|Any CPU
		{BABE6DDF-C77D-B259-F42C-EEDE630CC47D}.Release|Any CPU.Build.0 = Release|Any CPU
	EndGlobalSection
	GlobalSection(SolutionProperties) = preSolution
		HideSolutionNode = FALSE
	EndGlobalSection
	GlobalSection(ExtensibilityGlobals) = postSolution
		SolutionGuid = {2884EB68-1071-48CE-A276-2F1581BD2A41}
	EndGlobalSection
EndGlobal
